{
  "name": "pt2json",
  "version": "1.0.0",
  "lockfileVersion": 2,
  "requires": true,
  "packages": {
    "": {
      "version": "1.0.0",
      "license": "MIT",
      "devDependencies": {
        "@types/node": "^14.14.34",
        "typescript": "^4.2.3"
      }
    },
    "node_modules/@types/node": {
      "version": "14.14.34",
      "resolved": "https://registry.npmjs.org/@types/node/-/node-14.14.34.tgz",
      "integrity": "sha512-dBPaxocOK6UVyvhbnpFIj2W+S+1cBTkHQbFQfeeJhoKFbzYcVUGHvddeWPSucKATb3F0+pgDq0i6ghEaZjsugA==",
      "dev": true
    },
    "node_modules/typescript": {
      "version": "4.2.3",
      "dev": true,
      "license": "Apache-2.0",
      "bin": {
        "tsc": "bin/tsc",
        "tsserver": "bin/tsserver"
      },
      "engines": {
        "node": ">=4.2.0"
      }
    }
  },
  "dependencies": {
    "@types/node": {
      "version": "14.14.34",
      "resolved": "https://registry.npmjs.org/@types/node/-/node-14.14.34.tgz",
      "integrity": "sha512-dBPaxocOK6UVyvhbnpFIj2W+S+1cBTkHQbFQfeeJhoKFbzYcVUGHvddeWPSucKATb3F0+pgDq0i6ghEaZjsugA==",
      "dev": true
    },
    "typescript": {
      "version": "4.2.3",
      "dev": true
    }
  }
}
